// !$*UTF8*$!
{
	archiveVersion = 1;
	classes = {
	};
	objectVersion = 56;
	objects = {

/* Begin PBXBuildFile section */
		AF2A288B2A7DDB8600A2204B /* Todo_List_V2App.swift in Sources */ = {isa = PBXBuildFile; fileRef = AF2A288A2A7DDB8600A2204B /* Todo_List_V2App.swift */; };
		AF2A288D2A7DDB8600A2204B /* ContentView.swift in Sources */ = {isa = PBXBuildFile; fileRef = AF2A288C2A7DDB8600A2204B /* ContentView.swift */; };
		AF2A288F2A7DDB8700A2204B /* Assets.xcassets in Resources */ = {isa = PBXBuildFile; fileRef = AF2A288E2A7DDB8700A2204B /* Assets.xcassets */; };
		AF2A28922A7DDB8700A2204B /* Preview Assets.xcassets in Resources */ = {isa = PBXBuildFile; fileRef = AF2A28912A7DDB8700A2204B /* Preview Assets.xcassets */; };
		AF2A28992A7DDBC400A2204B /* Todo.swift in Sources */ = {isa = PBXBuildFile; fileRef = AF2A28982A7DDBC400A2204B /* Todo.swift */; };
		AF2A289B2A7DE28900A2204B /* TodoDetailView.swift in Sources */ = {isa = PBXBuildFile; fileRef = AF2A289A2A7DE28900A2204B /* TodoDetailView.swift */; };
		AF44E1102A7DF38B006C56FF /* NewTodoView.swift in Sources */ = {isa = PBXBuildFile; fileRef = AF44E10F2A7DF38B006C56FF /* NewTodoView.swift */; };
		AF44E1142A7DFC1F006C56FF /* TodoRowView.swift in Sources */ = {isa = PBXBuildFile; fileRef = AF44E1132A7DFC1F006C56FF /* TodoRowView.swift */; };
/* End PBXBuildFile section */

/* Begin PBXFileReference section */
		AF2A28872A7DDB8600A2204B /* Todo List V2.app */ = {isa = PBXFileReference; explicitFileType = wrapper.application; includeInIndex = 0; path = "Todo List V2.app"; sourceTree = BUILT_PRODUCTS_DIR; };
		AF2A288A2A7DDB8600A2204B /* Todo_List_V2App.swift */ = {isa = PBXFileReference; lastKnownFileType = sourcecode.swift; path = Todo_List_V2App.swift; sourceTree = "<group>"; };
		AF2A288C2A7DDB8600A2204B /* ContentView.swift */ = {isa = PBXFileReference; lastKnownFileType = sourcecode.swift; path = ContentView.swift; sourceTree = "<group>"; };
		AF2A288E2A7DDB8700A2204B /* Assets.xcassets */ = {isa = PBXFileReference; lastKnownFileType = folder.assetcatalog; path = Assets.xcassets; sourceTree = "<group>"; };
		AF2A28912A7DDB8700A2204B /* Preview Assets.xcassets */ = {isa = PBXFileReference; lastKnownFileType = folder.assetcatalog; path = "Preview Assets.xcassets"; sourceTree = "<group>"; };
		AF2A28982A7DDBC400A2204B /* Todo.swift */ = {isa = PBXFileReference; lastKnownFileType = sourcecode.swift; path = Todo.swift; sourceTree = "<group>"; };
		AF2A289A2A7DE28900A2204B /* TodoDetailView.swift */ = {isa = PBXFileReference; lastKnownFileType = sourcecode.swift; path = TodoDetailView.swift; sourceTree = "<group>"; };
		AF44E10F2A7DF38B006C56FF /* NewTodoView.swift */ = {isa = PBXFileReference; lastKnownFileType = sourcecode.swift; path = NewTodoView.swift; sourceTree = "<group>"; };
		AF44E1132A7DFC1F006C56FF /* TodoRowView.swift */ = {isa = PBXFileReference; lastKnownFileType = sourcecode.swift; path = TodoRowView.swift; sourceTree = "<group>"; };
/* End PBXFileReference section */

/* Begin PBXFrameworksBuildPhase section */
		AF2A28842A7DDB8600A2204B /* Frameworks */ = {
			isa = PBXFrameworksBuildPhase;
			buildActionMask = 2147483647;
			files = (
			);
			runOnlyForDeploymentPostprocessing = 0;
		};
/* End PBXFrameworksBuildPhase section */

/* Begin PBXGroup section */
		AF2A287E2A7DDB8600A2204B = {
			isa = PBXGroup;
			children = (
				AF2A28892A7DDB8600A2204B /* Todo List V2 */,
				AF2A28882A7DDB8600A2204B /* Products */,
			);
			sourceTree = "<group>";
		};
		AF2A28882A7DDB8600A2204B /* Products */ = {
			isa = PBXGroup;
			children = (
				AF2A28872A7DDB8600A2204B /* Todo List V2.app */,
			);
			name = Products;
			sourceTree = "<group>";
		};
		AF2A28892A7DDB8600A2204B /* Todo List V2 */ = {
			isa = PBXGroup;
			children = (
				AF44E1122A7DFBB3006C56FF /* Model and ViewModel */,
				AF44E1112A7DFB95006C56FF /* Views */,
				AF2A288A2A7DDB8600A2204B /* Todo_List_V2App.swift */,
				AF2A288E2A7DDB8700A2204B /* Assets.xcassets */,
				AF2A28902A7DDB8700A2204B /* Preview Content */,
			);
			path = "Todo List V2";
			sourceTree = "<group>";
		};
		AF2A28902A7DDB8700A2204B /* Preview Content */ = {
			isa = PBXGroup;
			children = (
				AF2A28912A7DDB8700A2204B /* Preview Assets.xcassets */,
			);
			path = "Preview Content";
			sourceTree = "<group>";
		};
		AF44E1112A7DFB95006C56FF /* Views */ = {
			isa = PBXGroup;
			children = (
				AF2A288C2A7DDB8600A2204B /* ContentView.swift */,
				AF44E10F2A7DF38B006C56FF /* NewTodoView.swift */,
				AF2A289A2A7DE28900A2204B /* TodoDetailView.swift */,
				AF44E1132A7DFC1F006C56FF /* TodoRowView.swift */,
			);
			path = Views;
			sourceTree = "<group>";
		};
		AF44E1122A7DFBB3006C56FF /* Model and ViewModel */ = {
			isa = PBXGroup;
			children = (
				AF2A28982A7DDBC400A2204B /* Todo.swift */,
			);
			path = "Model and ViewModel";
			sourceTree = "<group>";
		};
/* End PBXGroup section */

/* Begin PBXNativeTarget section */
		AF2A28862A7DDB8600A2204B /* Todo List V2 */ = {
			isa = PBXNativeTarget;
			buildConfigurationList = AF2A28952A7DDB8700A2204B /* Build configuration list for PBXNativeTarget "Todo List V2" */;
			buildPhases = (
				AF2A28832A7DDB8600A2204B /* Sources */,
				AF2A28842A7DDB8600A2204B /* Frameworks */,
				AF2A28852A7DDB8600A2204B /* Resources */,
			);
			buildRules = (
			);
			dependencies = (
			);
			name = "Todo List V2";
			productName = "Todo List V2";
			productReference = AF2A28872A7DDB8600A2204B /* Todo List V2.app */;
			productType = "com.apple.product-type.application";
		};
/* End PBXNativeTarget section */

/* Begin PBXProject section */
		AF2A287F2A7DDB8600A2204B /* Project object */ = {
			isa = PBXProject;
			attributes = {
				BuildIndependentTargetsInParallel = 1;
				LastSwiftUpdateCheck = 1430;
				LastUpgradeCheck = 1430;
				TargetAttributes = {
					AF2A28862A7DDB8600A2204B = {
						CreatedOnToolsVersion = 14.3.1;
					};
				};
			};
			buildConfigurationList = AF2A28822A7DDB8600A2204B /* Build configuration list for PBXProject "Todo List V2" */;
			compatibilityVersion = "Xcode 14.0";
			developmentRegion = en;
			hasScannedForEncodings = 0;
			knownRegions = (
				en,
				Base,
			);
			mainGroup = AF2A287E2A7DDB8600A2204B;
			productRefGroup = AF2A28882A7DDB8600A2204B /* Products */;
			projectDirPath = "";
			projectRoot = "";
			targets = (
				AF2A28862A7DDB8600A2204B /* Todo List V2 */,
			);
		};
/* End PBXProject section */

/* Begin PBXResourcesBuildPhase section */
		AF2A28852A7DDB8600A2204B /* Resources */ = {
			isa = PBXResourcesBuildPhase;
			buildActionMask = 2147483647;
			files = (
				AF2A28922A7DDB8700A2204B /* Preview Assets.xcassets in Resources */,
				AF2A288F2A7DDB8700A2204B /* Assets.xcassets in Resources */,
			);
			runOnlyForDeploymentPostprocessing = 0;
		};
/* End PBXResourcesBuildPhase section */

/* Begin PBXSourcesBuildPhase section */
		AF2A28832A7DDB8600A2204B /* Sources */ = {
			isa = PBXSourcesBuildPhase;
			buildActionMask = 2147483647;
			files = (
				AF2A288D2A7DDB8600A2204B /* ContentView.swift in Sources */,
				AF44E1142A7DFC1F006C56FF /* TodoRowView.swift in Sources */,
				AF2A28992A7DDBC400A2204B /* Todo.swift in Sources */,
				AF2A288B2A7DDB8600A2204B /* Todo_List_V2App.swift in Sources */,
				AF44E1102A7DF38B006C56FF /* NewTodoView.swift in Sources */,
				AF2A289B2A7DE28900A2204B /* TodoDetailView.swift in Sources */,
			);
			runOnlyForDeploymentPostprocessing = 0;
		};
/* End PBXSourcesBuildPhase section */

/* Begin XCBuildConfiguration section */
		AF2A28932A7DDB8700A2204B /* Debug */ = {
			isa = XCBuildConfiguration;
			buildSettings = {
				ALWAYS_SEARCH_USER_PATHS = NO;
				CLANG_ANALYZER_NONNULL = YES;
				CLANG_ANALYZER_NUMBER_OBJECT_CONVERSION = YES_AGGRESSIVE;
				CLANG_CXX_LANGUAGE_STANDARD = "gnu++20";
				CLANG_ENABLE_MODULES = YES;
				CLANG_ENABLE_OBJC_ARC = YES;
				CLANG_ENABLE_OBJC_WEAK = YES;
				CLANG_WARN_BLOCK_CAPTURE_AUTORELEASING = YES;
				CLANG_WARN_BOOL_CONVERSION = YES;
				CLANG_WARN_COMMA = YES;
				CLANG_WARN_CONSTANT_CONVERSION = YES;
				CLANG_WARN_DEPRECATED_OBJC_IMPLEMENTATIONS = YES;
				CLANG_WARN_DIRECT_OBJC_ISA_USAGE = YES_ERROR;
				CLANG_WARN_DOCUMENTATION_COMMENTS = YES;
				CLANG_WARN_EMPTY_BODY = YES;
				CLANG_WARN_ENUM_CONVERSION = YES;
				CLANG_WARN_INFINITE_RECURSION = YES;
				CLANG_WARN_INT_CONVERSION = YES;
				CLANG_WARN_NON_LITERAL_NULL_CONVERSION = YES;
				CLANG_WARN_OBJC_IMPLICIT_RETAIN_SELF = YES;
				CLANG_WARN_OBJC_LITERAL_CONVERSION = YES;
				CLANG_WARN_OBJC_ROOT_CLASS = YES_ERROR;
				CLANG_WARN_QUOTED_INCLUDE_IN_FRAMEWORK_HEADER = YES;
				CLANG_WARN_RANGE_LOOP_ANALYSIS = YES;
				CLANG_WARN_STRICT_PROTOTYPES = YES;
				CLANG_WARN_SUSPICIOUS_MOVE = YES;
				CLANG_WARN_UNGUARDED_AVAILABILITY = YES_AGGRESSIVE;
				CLANG_WARN_UNREACHABLE_CODE = YES;
				CLANG_WARN__DUPLICATE_METHOD_MATCH = YES;
				COPY_PHASE_STRIP = NO;
				DEBUG_INFORMATION_FORMAT = dwarf;
				ENABLE_STRICT_OBJC_MSGSEND = YES;
				ENABLE_TESTABILITY = YES;
				GCC_C_LANGUAGE_STANDARD = gnu11;
				GCC_DYNAMIC_NO_PIC = NO;
				GCC_NO_COMMON_BLOCKS = YES;
				GCC_OPTIMIZATION_LEVEL = 0;
				GCC_PREPROCESSOR_DEFINITIONS = (
					"DEBUG=1",
					"$(inherited)",
				);
				GCC_WARN_64_TO_32_BIT_CONVERSION = YES;
				GCC_WARN_ABOUT_RETURN_TYPE = YES_ERROR;
				GCC_WARN_UNDECLARED_SELECTOR = YES;
				GCC_WARN_UNINITIALIZED_AUTOS = YES_AGGRESSIVE;
				GCC_WARN_UNUSED_FUNCTION = YES;
				GCC_WARN_UNUSED_VARIABLE = YES;
				IPHONEOS_DEPLOYMENT_TARGET = 16.4;
				MTL_ENABLE_DEBUG_INFO = INCLUDE_SOURCE;
				MTL_FAST_MATH = YES;
				ONLY_ACTIVE_ARCH = YES;
				SDKROOT = iphoneos;
				SWIFT_ACTIVE_COMPILATION_CONDITIONS = DEBUG;
				SWIFT_OPTIMIZATION_LEVEL = "-Onone";
			};
			name = Debug;
		};
		AF2A28942A7DDB8700A2204B /* Release */ = {
			isa = XCBuildConfiguration;
			buildSettings = {
				ALWAYS_SEARCH_USER_PATHS = NO;
				CLANG_ANALYZER_NONNULL = YES;
				CLANG_ANALYZER_NUMBER_OBJECT_CONVERSION = YES_AGGRESSIVE;
				CLANG_CXX_LANGUAGE_STANDARD = "gnu++20";
				CLANG_ENABLE_MODULES = YES;
				CLANG_ENABLE_OBJC_ARC = YES;
				CLANG_ENABLE_OBJC_WEAK = YES;
				CLANG_WARN_BLOCK_CAPTURE_AUTORELEASING = YES;
				CLANG_WARN_BOOL_CONVERSION = YES;
				CLANG_WARN_COMMA = YES;
				CLANG_WARN_CONSTANT_CONVERSION = YES;
				CLANG_WARN_DEPRECATED_OBJC_IMPLEMENTATIONS = YES;
				CLANG_WARN_DIRECT_OBJC_ISA_USAGE = YES_ERROR;
				CLANG_WARN_DOCUMENTATION_COMMENTS = YES;
				CLANG_WARN_EMPTY_BODY = YES;
				CLANG_WARN_ENUM_CONVERSION = YES;
				CLANG_WARN_INFINITE_RECURSION = YES;
				CLANG_WARN_INT_CONVERSION = YES;
				CLANG_WARN_NON_LITERAL_NULL_CONVERSION = YES;
				CLANG_WARN_OBJC_IMPLICIT_RETAIN_SELF = YES;
				CLANG_WARN_OBJC_LITERAL_CONVERSION = YES;
				CLANG_WARN_OBJC_ROOT_CLASS = YES_ERROR;
				CLANG_WARN_QUOTED_INCLUDE_IN_FRAMEWORK_HEADER = YES;
				CLANG_WARN_RANGE_LOOP_ANALYSIS = YES;
				CLANG_WARN_STRICT_PROTOTYPES = YES;
				CLANG_WARN_SUSPICIOUS_MOVE = YES;
				CLANG_WARN_UNGUARDED_AVAILABILITY = YES_AGGRESSIVE;
				CLANG_WARN_UNREACHABLE_CODE = YES;
				CLANG_WARN__DUPLICATE_METHOD_MATCH = YES;
				COPY_PHASE_STRIP = NO;
				DEBUG_INFORMATION_FORMAT = "dwarf-with-dsym";
				ENABLE_NS_ASSERTIONS = NO;
				ENABLE_STRICT_OBJC_MSGSEND = YES;
				GCC_C_LANGUAGE_STANDARD = gnu11;
				GCC_NO_COMMON_BLOCKS = YES;
				GCC_WARN_64_TO_32_BIT_CONVERSION = YES;
				GCC_WARN_ABOUT_RETURN_TYPE = YES_ERROR;
				GCC_WARN_UNDECLARED_SELECTOR = YES;
				GCC_WARN_UNINITIALIZED_AUTOS = YES_AGGRESSIVE;
				GCC_WARN_UNUSED_FUNCTION = YES;
				GCC_WARN_UNUSED_VARIABLE = YES;
				IPHONEOS_DEPLOYMENT_TARGET = 16.4;
				MTL_ENABLE_DEBUG_INFO = NO;
				MTL_FAST_MATH = YES;
				SDKROOT = iphoneos;
				SWIFT_COMPILATION_MODE = wholemodule;
				SWIFT_OPTIMIZATION_LEVEL = "-O";
				VALIDATE_PRODUCT = YES;
			};
			name = Release;
		};
		AF2A28962A7DDB8700A2204B /* Debug */ = {
			isa = XCBuildConfiguration;
			buildSettings = {
				ASSETCATALOG_COMPILER_APPICON_NAME = AppIcon;
				ASSETCATALOG_COMPILER_GLOBAL_ACCENT_COLOR_NAME = AccentColor;
				CODE_SIGN_STYLE = Automatic;
				CURRENT_PROJECT_VERSION = 1;
				DEVELOPMENT_ASSET_PATHS = "\"Todo List V2/Preview Content\"";
				DEVELOPMENT_TEAM = XL5JK4F896;
				ENABLE_PREVIEWS = YES;
				GENERATE_INFOPLIST_FILE = YES;
				INFOPLIST_KEY_UIApplicationSceneManifest_Generation = YES;
				INFOPLIST_KEY_UIApplicationSupportsIndirectInputEvents = YES;
				INFOPLIST_KEY_UILaunchScreen_Generation = YES;
				INFOPLIST_KEY_UISupportedInterfaceOrientations_iPad = "UIInterfaceOrientationPortrait UIInterfaceOrientationPortraitUpsideDown UIInterfaceOrientationLandscapeLeft UIInterfaceOrientationLandscapeRight";
				INFOPLIST_KEY_UISupportedInterfaceOrientations_iPhone = "UIInterfaceOrientationPortrait UIInterfaceOrientationLandscapeLeft UIInterfaceOrientationLandscapeRight";
				LD_RUNPATH_SEARCH_PATHS = (
					"$(inherited)",
					"@executable_path/Frameworks",
				);
				MARKETING_VERSION = 1.0;
				PRODUCT_BUNDLE_IDENTIFIER = "org.swiftinsg.Todo-List-V2";
				PRODUCT_NAME = "$(TARGET_NAME)";
				SWIFT_EMIT_LOC_STRINGS = YES;
				SWIFT_VERSION = 5.0;
				TARGETED_DEVICE_FAMILY = "1,2";
			};
			name = Debug;
		};
		AF2A28972A7DDB8700A2204B /* Release */ = {
			isa = XCBuildConfiguration;
			buildSettings = {
				ASSETCATALOG_COMPILER_APPICON_NAME = AppIcon;
				ASSETCATALOG_COMPILER_GLOBAL_ACCENT_COLOR_NAME = AccentColor;
				CODE_SIGN_STYLE = Automatic;
				CURRENT_PROJECT_VERSION = 1;
				DEVELOPMENT_ASSET_PATHS = "\"Todo List V2/Preview Content\"";
				DEVELOPMENT_TEAM = XL5JK4F896;
				ENABLE_PREVIEWS = YES;
				GENERATE_INFOPLIST_FILE = YES;
				INFOPLIST_KEY_UIApplicationSceneManifest_Generation = YES;
				INFOPLIST_KEY_UIApplicationSupportsIndirectInputEvents = YES;
				INFOPLIST_KEY_UILaunchScreen_Generation = YES;
				INFOPLIST_KEY_UISupportedInterfaceOrientations_iPad = "UIInterfaceOrientationPortrait UIInterfaceOrientationPortraitUpsideDown UIInterfaceOrientationLandscapeLeft UIInterfaceOrientationLandscapeRight";
				INFOPLIST_KEY_UISupportedInterfaceOrientations_iPhone = "UIInterfaceOrientationPortrait UIInterfaceOrientationLandscapeLeft UIInterfaceOrientationLandscapeRight";
				LD_RUNPATH_SEARCH_PATHS = (
					"$(inherited)",
					"@executable_path/Frameworks",
				);
				MARKETING_VERSION = 1.0;
				PRODUCT_BUNDLE_IDENTIFIER = "org.swiftinsg.Todo-List-V2";
				PRODUCT_NAME = "$(TARGET_NAME)";
				SWIFT_EMIT_LOC_STRINGS = YES;
				SWIFT_VERSION = 5.0;
				TARGETED_DEVICE_FAMILY = "1,2";
			};
			name = Release;
		};
/* End XCBuildConfiguration section */

/* Begin XCConfigurationList section */
		AF2A28822A7DDB8600A2204B /* Build configuration list for PBXProject "Todo List V2" */ = {
			isa = XCConfigurationList;
			buildConfigurations = (
				AF2A28932A7DDB8700A2204B /* Debug */,
				AF2A28942A7DDB8700A2204B /* Release */,
			);
			defaultConfigurationIsVisible = 0;
			defaultConfigurationName = Release;
		};
		AF2A28952A7DDB8700A2204B /* Build configuration list for PBXNativeTarget "Todo List V2" */ = {
			isa = XCConfigurationList;
			buildConfigurations = (
				AF2A28962A7DDB8700A2204B /* Debug */,
				AF2A28972A7DDB8700A2204B /* Release */,
			);
			defaultConfigurationIsVisible = 0;
			defaultConfigurationName = Release;
		};
/* End XCConfigurationList section */
	};
	rootObject = AF2A287F2A7DDB8600A2204B /* Project object */;
}
